{
  "name": "translation-toolkit",
  "lockfileVersion": 3,
  "requires": true,
  "packages": {
    "": {
      "devDependencies": {
        "hsa-js": "^1.1.2"
      }
    },
    "node_modules/hsa-js": {
      "version": "1.1.2",
      "resolved": "https://registry.npmjs.org/hsa-js/-/hsa-js-1.1.2.tgz",
      "integrity": "sha512-q5hQx9UiiK8jpz9h/jER5p6yL6BynXTzuscV/Rz/hZxWbZICpshPXwE0t/7ppFtMAQzZ+ASI91815ICg8BVXxg==",
      "dev": true
    }
  }
}
